
Microsoft Visual Studio Solution File, Format Version 12.00
# Visual Studio Version 17
VisualStudioVersion = 17.2.32317.152
MinimumVisualStudioVersion = 10.0.40219.1
Project("{9A19103F-16F7-4668-BE54-9A1E7A4F7556}") = "TargetInvestimentos.Api", "TargetInvestimentos.Api\TargetInvestimentos.Api.csproj", "{66B9B5F5-7DB4-4F94-AE44-7938F3885A34}"
EndProject
Project("{9A19103F-16F7-4668-BE54-9A1E7A4F7556}") = "TargetInvestimentos.Domain", "TargetInvestimentos.Domain\TargetInvestimentos.Domain.csproj", "{64AC69BE-D01B-45D6-9933-073A69A13C1C}"
EndProject
Project("{9A19103F-16F7-4668-BE54-9A1E7A4F7556}") = "TargetInvestimentos.Infrastructure", "TargetInvestimentos.Infrastructure\TargetInvestimentos.Infrastructure.csproj", "{8A57D6FB-3440-4F20-AD2B-FAEBD8824BA5}"
EndProject
Project("{FAE04EC0-301F-11D3-BF4B-00C04F79EFBC}") = "TargetInvestimentos.Test", "TargetInvestimentos.Test\TargetInvestimentos.Test.csproj", "{508CB4C4-1E05-42A1-A0C9-9413DBF135C7}"
EndProject
Global
	GlobalSection(SolutionConfigurationPlatforms) = preSolution
		Debug|Any CPU = Debug|Any CPU
		Release|Any CPU = Release|Any CPU
	EndGlobalSection
	GlobalSection(ProjectConfigurationPlatforms) = postSolution
		{66B9B5F5-7DB4-4F94-AE44-7938F3885A34}.Debug|Any CPU.ActiveCfg = Debug|Any CPU
		{66B9B5F5-7DB4-4F94-AE44-7938F3885A34}.Debug|Any CPU.Build.0 = Debug|Any CPU
		{66B9B5F5-7DB4-4F94-AE44-7938F3885A34}.Release|Any CPU.ActiveCfg = Release|Any CPU
		{66B9B5F5-7DB4-4F94-AE44-7938F3885A34}.Release|Any CPU.Build.0 = Release|Any CPU
		{64AC69BE-D01B-45D6-9933-073A69A13C1C}.Debug|Any CPU.ActiveCfg = Debug|Any CPU
		{64AC69BE-D01B-45D6-9933-073A69A13C1C}.Debug|Any CPU.Build.0 = Debug|Any CPU
		{64AC69BE-D01B-45D6-9933-073A69A13C1C}.Release|Any CPU.ActiveCfg = Release|Any CPU
		{64AC69BE-D01B-45D6-9933-073A69A13C1C}.Release|Any CPU.Build.0 = Release|Any CPU
		{8A57D6FB-3440-4F20-AD2B-FAEBD8824BA5}.Debug|Any CPU.ActiveCfg = Debug|Any CPU
		{8A57D6FB-3440-4F20-AD2B-FAEBD8824BA5}.Debug|Any CPU.Build.0 = Debug|Any CPU
		{8A57D6FB-3440-4F20-AD2B-FAEBD8824BA5}.Release|Any CPU.ActiveCfg = Release|Any CPU
		{8A57D6FB-3440-4F20-AD2B-FAEBD8824BA5}.Release|Any CPU.Build.0 = Release|Any CPU
		{508CB4C4-1E05-42A1-A0C9-9413DBF135C7}.Debug|Any CPU.ActiveCfg = Debug|Any CPU
		{508CB4C4-1E05-42A1-A0C9-9413DBF135C7}.Debug|Any CPU.Build.0 = Debug|Any CPU
		{508CB4C4-1E05-42A1-A0C9-9413DBF135C7}.Release|Any CPU.ActiveCfg = Release|Any CPU
		{508CB4C4-1E05-42A1-A0C9-9413DBF135C7}.Release|Any CPU.Build.0 = Release|Any CPU
	EndGlobalSection
	GlobalSection(SolutionProperties) = preSolution
		HideSolutionNode = FALSE
	EndGlobalSection
	GlobalSection(ExtensibilityGlobals) = postSolution
		SolutionGuid = {B90443D9-5EE3-4BAE-B34E-1FC929F7BB74}
	EndGlobalSection
EndGlobal
